
Microsoft Visual Studio Solution File, Format Version 12.00
# Visual Studio Version 16
VisualStudioVersion = 16.0.30804.86
MinimumVisualStudioVersion = 10.0.40219.1
Project("{9A19103F-16F7-4668-BE54-9A1E7A4F7556}") = "BetfairClient", "BetfairClient\BetfairClient.csproj", "{D2CC2BAB-1F68-4723-B606-05FB2EEFBF8A}"
EndProject
Project("{9A19103F-16F7-4668-BE54-9A1E7A4F7556}") = "BetfairClient.Models", "BetfairClient.Models\BetfairClient.Models.csproj", "{57DEFCA1-EFA3-4F90-910C-1DD59ADEFB54}"
EndProject
Project("{FAE04EC0-301F-11D3-BF4B-00C04F79EFBC}") = "BetfairClient.UnitTests", "BetfairClient.UnitTests\BetfairClient.UnitTests.csproj", "{F453B609-3980-4343-9B3C-261A95F825D8}"
EndProject
Global
	GlobalSection(SolutionConfigurationPlatforms) = preSolution
		Debug|Any CPU = Debug|Any CPU
		Release|Any CPU = Release|Any CPU
	EndGlobalSection
	GlobalSection(ProjectConfigurationPlatforms) = postSolution
		{D2CC2BAB-1F68-4723-B606-05FB2EEFBF8A}.Debug|Any CPU.ActiveCfg = Debug|Any CPU
		{D2CC2BAB-1F68-4723-B606-05FB2EEFBF8A}.Debug|Any CPU.Build.0 = Debug|Any CPU
		{D2CC2BAB-1F68-4723-B606-05FB2EEFBF8A}.Release|Any CPU.ActiveCfg = Release|Any CPU
		{D2CC2BAB-1F68-4723-B606-05FB2EEFBF8A}.Release|Any CPU.Build.0 = Release|Any CPU
		{57DEFCA1-EFA3-4F90-910C-1DD59ADEFB54}.Debug|Any CPU.ActiveCfg = Debug|Any CPU
		{57DEFCA1-EFA3-4F90-910C-1DD59ADEFB54}.Debug|Any CPU.Build.0 = Debug|Any CPU
		{57DEFCA1-EFA3-4F90-910C-1DD59ADEFB54}.Release|Any CPU.ActiveCfg = Release|Any CPU
		{57DEFCA1-EFA3-4F90-910C-1DD59ADEFB54}.Release|Any CPU.Build.0 = Release|Any CPU
		{F453B609-3980-4343-9B3C-261A95F825D8}.Debug|Any CPU.ActiveCfg = Debug|Any CPU
		{F453B609-3980-4343-9B3C-261A95F825D8}.Debug|Any CPU.Build.0 = Debug|Any CPU
		{F453B609-3980-4343-9B3C-261A95F825D8}.Release|Any CPU.ActiveCfg = Release|Any CPU
		{F453B609-3980-4343-9B3C-261A95F825D8}.Release|Any CPU.Build.0 = Release|Any CPU
	EndGlobalSection
	GlobalSection(SolutionProperties) = preSolution
		HideSolutionNode = FALSE
	EndGlobalSection
	GlobalSection(ExtensibilityGlobals) = postSolution
		SolutionGuid = {44096C94-E360-4934-82C0-42D8839272C6}
	EndGlobalSection
EndGlobal
